
Microsoft Visual Studio Solution File, Format Version 12.00
# Visual Studio 15
VisualStudioVersion = 15.0.27004.2002
MinimumVisualStudioVersion = 10.0.40219.1
Project("{FAE04EC0-301F-11D3-BF4B-00C04F79EFBC}") = "SourceModelFixer", "SourceModelFixer\SourceModelFixer.csproj", "{D8A110FF-AF3F-477D-A60F-6717B1C6991D}"
EndProject
Global
	GlobalSection(SolutionConfigurationPlatforms) = preSolution
		Debug|Any CPU = Debug|Any CPU
		Release|Any CPU = Release|Any CPU
	EndGlobalSection
	GlobalSection(ProjectConfigurationPlatforms) = postSolution
		{D8A110FF-AF3F-477D-A60F-6717B1C6991D}.Debug|Any CPU.ActiveCfg = Debug|Any CPU
		{D8A110FF-AF3F-477D-A60F-6717B1C6991D}.Debug|Any CPU.Build.0 = Debug|Any CPU
		{D8A110FF-AF3F-477D-A60F-6717B1C6991D}.Release|Any CPU.ActiveCfg = Release|Any CPU
		{D8A110FF-AF3F-477D-A60F-6717B1C6991D}.Release|Any CPU.Build.0 = Release|Any CPU
	EndGlobalSection
	GlobalSection(SolutionProperties) = preSolution
		HideSolutionNode = FALSE
	EndGlobalSection
	GlobalSection(ExtensibilityGlobals) = postSolution
		SolutionGuid = {2A28E555-FB4C-468E-ABEC-8CFE3DC2A872}
	EndGlobalSection
EndGlobal
